
Microsoft Visual Studio Solution File, Format Version 10.00
# Visual Studio 2008
Project("{8BC9CEB8-8B4A-11D0-8D11-00A0C91BC942}") = "cslib", "msvc\cslib\cslib.vcproj", "{C5B69C5A-34E5-4030-BE15-F7B47B7BC4BA}"
EndProject
Project("{8BC9CEB8-8B4A-11D0-8D11-00A0C91BC942}") = "test", "msvc\test\test.vcproj", "{2FD6E305-F04A-4327-B2E7-BC05F6964E87}"
	ProjectSection(ProjectDependencies) = postProject
		{C5B69C5A-34E5-4030-BE15-F7B47B7BC4BA} = {C5B69C5A-34E5-4030-BE15-F7B47B7BC4BA}
	EndProjectSection
EndProject
Global
	GlobalSection(SolutionConfigurationPlatforms) = preSolution
		Debug|Win32 = Debug|Win32
		Release|Win32 = Release|Win32
	EndGlobalSection
	GlobalSection(ProjectConfigurationPlatforms) = postSolution
		{C5B69C5A-34E5-4030-BE15-F7B47B7BC4BA}.Debug|Win32.ActiveCfg = Debug|Win32
		{C5B69C5A-34E5-4030-BE15-F7B47B7BC4BA}.Debug|Win32.Build.0 = Debug|Win32
		{C5B69C5A-34E5-4030-BE15-F7B47B7BC4BA}.Release|Win32.ActiveCfg = Release|Win32
		{C5B69C5A-34E5-4030-BE15-F7B47B7BC4BA}.Release|Win32.Build.0 = Release|Win32
		{2FD6E305-F04A-4327-B2E7-BC05F6964E87}.Debug|Win32.ActiveCfg = Debug|Win32
		{2FD6E305-F04A-4327-B2E7-BC05F6964E87}.Debug|Win32.Build.0 = Debug|Win32
		{2FD6E305-F04A-4327-B2E7-BC05F6964E87}.Release|Win32.ActiveCfg = Release|Win32
		{2FD6E305-F04A-4327-B2E7-BC05F6964E87}.Release|Win32.Build.0 = Release|Win32
	EndGlobalSection
	GlobalSection(SolutionProperties) = preSolution
		HideSolutionNode = FALSE
	EndGlobalSection
EndGlobal
